
Microsoft Visual Studio Solution File, Format Version 12.00
# Visual Studio Version 17
VisualStudioVersion = 17.3.32708.82
MinimumVisualStudioVersion = 10.0.40219.1
Project("{9A19103F-16F7-4668-BE54-9A1E7A4F7556}") = "rMakev2", "rMakev2\rMakev2.csproj", "{BD38E1AA-C716-47F9-B517-A90F13D9ED2A}"
EndProject
Project("{2150E333-8FDC-42A3-9474-1A3956D46DE8}") = "BackEnd", "BackEnd", "{80F51695-438E-4896-A462-91C51CB6F878}"
EndProject
Project("{9A19103F-16F7-4668-BE54-9A1E7A4F7556}") = "rContentMan", "rContentMan\rContentMan.csproj", "{77698DD7-4AB6-4AEA-8B97-6AF55945AE69}"
EndProject
Project("{9A19103F-16F7-4668-BE54-9A1E7A4F7556}") = "rTests", "rTests\rTests.csproj", "{D16D7335-52B5-41EF-B280-D0BC2F6D0288}"
EndProject
Project("{9A19103F-16F7-4668-BE54-9A1E7A4F7556}") = "Domain", "Domain\Domain.csproj", "{E327B68C-715D-46D8-AF30-4161116145CD}"
EndProject
Project("{FAE04EC0-301F-11D3-BF4B-00C04F79EFBC}") = "rLibrary", "rLibrary\rLibrary.csproj", "{AAC9DD54-AEF3-457E-A14C-3F2359187646}"
EndProject
Global
	GlobalSection(SolutionConfigurationPlatforms) = preSolution
		Debug|Any CPU = Debug|Any CPU
		Release|Any CPU = Release|Any CPU
	EndGlobalSection
	GlobalSection(ProjectConfigurationPlatforms) = postSolution
		{BD38E1AA-C716-47F9-B517-A90F13D9ED2A}.Debug|Any CPU.ActiveCfg = Debug|Any CPU
		{BD38E1AA-C716-47F9-B517-A90F13D9ED2A}.Debug|Any CPU.Build.0 = Debug|Any CPU
		{BD38E1AA-C716-47F9-B517-A90F13D9ED2A}.Release|Any CPU.ActiveCfg = Release|Any CPU
		{BD38E1AA-C716-47F9-B517-A90F13D9ED2A}.Release|Any CPU.Build.0 = Release|Any CPU
		{77698DD7-4AB6-4AEA-8B97-6AF55945AE69}.Debug|Any CPU.ActiveCfg = Debug|Any CPU
		{77698DD7-4AB6-4AEA-8B97-6AF55945AE69}.Debug|Any CPU.Build.0 = Debug|Any CPU
		{77698DD7-4AB6-4AEA-8B97-6AF55945AE69}.Release|Any CPU.ActiveCfg = Release|Any CPU
		{77698DD7-4AB6-4AEA-8B97-6AF55945AE69}.Release|Any CPU.Build.0 = Release|Any CPU
		{D16D7335-52B5-41EF-B280-D0BC2F6D0288}.Debug|Any CPU.ActiveCfg = Debug|Any CPU
		{D16D7335-52B5-41EF-B280-D0BC2F6D0288}.Debug|Any CPU.Build.0 = Debug|Any CPU
		{D16D7335-52B5-41EF-B280-D0BC2F6D0288}.Release|Any CPU.ActiveCfg = Release|Any CPU
		{D16D7335-52B5-41EF-B280-D0BC2F6D0288}.Release|Any CPU.Build.0 = Release|Any CPU
		{E327B68C-715D-46D8-AF30-4161116145CD}.Debug|Any CPU.ActiveCfg = Debug|Any CPU
		{E327B68C-715D-46D8-AF30-4161116145CD}.Debug|Any CPU.Build.0 = Debug|Any CPU
		{E327B68C-715D-46D8-AF30-4161116145CD}.Release|Any CPU.ActiveCfg = Release|Any CPU
		{E327B68C-715D-46D8-AF30-4161116145CD}.Release|Any CPU.Build.0 = Release|Any CPU
		{AAC9DD54-AEF3-457E-A14C-3F2359187646}.Debug|Any CPU.ActiveCfg = Debug|Any CPU
		{AAC9DD54-AEF3-457E-A14C-3F2359187646}.Debug|Any CPU.Build.0 = Debug|Any CPU
		{AAC9DD54-AEF3-457E-A14C-3F2359187646}.Release|Any CPU.ActiveCfg = Release|Any CPU
		{AAC9DD54-AEF3-457E-A14C-3F2359187646}.Release|Any CPU.Build.0 = Release|Any CPU
	EndGlobalSection
	GlobalSection(SolutionProperties) = preSolution
		HideSolutionNode = FALSE
	EndGlobalSection
	GlobalSection(NestedProjects) = preSolution
		{77698DD7-4AB6-4AEA-8B97-6AF55945AE69} = {80F51695-438E-4896-A462-91C51CB6F878}
	EndGlobalSection
	GlobalSection(ExtensibilityGlobals) = postSolution
		SolutionGuid = {36E22F89-3CC3-4D52-B73E-F6EDB92A0F36}
	EndGlobalSection
EndGlobal
